
Microsoft Visual Studio Solution File, Format Version 12.00
Project("{2150E333-8FDC-42A3-9474-1A3956D46DE8}") = "Core", "Core", "{624A06DA-D1C6-4829-A105-D4FA1930AA05}"
EndProject
Project("{2150E333-8FDC-42A3-9474-1A3956D46DE8}") = "Services", "Services", "{DE551AB1-9603-4753-8EE6-7C03AE107C6C}"
EndProject
Project("{FAE04EC0-301F-11D3-BF4B-00C04F79EFBC}") = "BookingAppDio.Bus", "src\core\BookingAppDio.Bus\BookingAppDio.Bus.csproj", "{54EC911C-CFAD-466D-8A4A-D690831189CA}"
EndProject
Project("{FAE04EC0-301F-11D3-BF4B-00C04F79EFBC}") = "BookingAppDio.Core", "src\core\BookingAppDio.Core\BookingAppDio.Core.csproj", "{21F300BC-BC26-4F63-A9CD-421F86B580D3}"
EndProject
Project("{2150E333-8FDC-42A3-9474-1A3956D46DE8}") = "Booking", "Booking", "{BC8FE777-D7A5-4B21-8687-3907F1662A4F}"
EndProject
Project("{2150E333-8FDC-42A3-9474-1A3956D46DE8}") = "Flight", "Flight", "{332B9612-EC62-41A9-AC90-85288FBB14D1}"
EndProject
Project("{2150E333-8FDC-42A3-9474-1A3956D46DE8}") = "Email", "Email", "{5A8C121C-B18F-4B9D-84FD-FD8CD3AADADA}"
EndProject
Project("{2150E333-8FDC-42A3-9474-1A3956D46DE8}") = "Identity", "Identity", "{929BF4C4-56F8-4014-ABA1-BFE6317E695B}"
EndProject
Project("{2150E333-8FDC-42A3-9474-1A3956D46DE8}") = "Passenger", "Passenger", "{3F43AD2C-2FC5-4CC3-AF9D-2457AF59A180}"
EndProject
Project("{FAE04EC0-301F-11D3-BF4B-00C04F79EFBC}") = "BookingAppDio.Booking.API", "src\services\booking\BookingAppDio.Booking.API\BookingAppDio.Booking.API.csproj", "{D8FA68C0-E600-4DCC-9BCE-7CE1017F42BF}"
EndProject
Project("{FAE04EC0-301F-11D3-BF4B-00C04F79EFBC}") = "BookingAppDio.Booking.Infra", "src\services\booking\BookingAppDio.Booking.Infra\BookingAppDio.Booking.Infra.csproj", "{5EF38C03-5F62-43FA-BE0C-5057A5B6AD53}"
EndProject
Project("{FAE04EC0-301F-11D3-BF4B-00C04F79EFBC}") = "BookingAppDio.Booking.Domain", "src\services\booking\BookingAppDio.Booking.Domain\BookingAppDio.Booking.Domain.csproj", "{16903C43-BBCB-4F1B-8369-974B94C6F0FC}"
EndProject
Project("{FAE04EC0-301F-11D3-BF4B-00C04F79EFBC}") = "BookingAppDio.Email", "src\services\email\BookingAppDio.Email\BookingAppDio.Email.csproj", "{6DF412E7-BE3D-456D-92C3-DC56FAA199B9}"
EndProject
Project("{FAE04EC0-301F-11D3-BF4B-00C04F79EFBC}") = "BookingAppDio.Identity", "src\services\identity\BookingAppDio.Identity\BookingAppDio.Identity.csproj", "{F43CEA2E-F363-43DC-AB61-6AC6531B87BF}"
EndProject
Project("{FAE04EC0-301F-11D3-BF4B-00C04F79EFBC}") = "BookingAppDio.Passenger", "src\services\passenger\BookingAppDio.Passenger\BookingAppDio.Passenger.csproj", "{9EC11469-D115-4CDF-A17A-3CE48D648FE7}"
EndProject
Project("{FAE04EC0-301F-11D3-BF4B-00C04F79EFBC}") = "BookingAppDio.Flight.API", "src\services\flight\BookingAppDio.Flight.API\BookingAppDio.Flight.API.csproj", "{641C4577-3B9E-467E-84FA-E6A5F183B436}"
EndProject
Project("{FAE04EC0-301F-11D3-BF4B-00C04F79EFBC}") = "BookingAppDio.Flight.Domain", "src\services\flight\BookingAppDio.Flight.Domain\BookingAppDio.Flight.Domain.csproj", "{08FD19B8-3A62-49EB-84BC-70A115363E94}"
EndProject
Project("{FAE04EC0-301F-11D3-BF4B-00C04F79EFBC}") = "BookingAppDio.Flight.Infra", "src\services\flight\BookingAppDio.Flight.Infra\BookingAppDio.Flight.Infra.csproj", "{76E552C7-0505-4657-85D4-8457B3AF8C78}"
EndProject
Global
	GlobalSection(SolutionConfigurationPlatforms) = preSolution
		Debug|Any CPU = Debug|Any CPU
		Release|Any CPU = Release|Any CPU
	EndGlobalSection
	GlobalSection(ProjectConfigurationPlatforms) = postSolution
		{54EC911C-CFAD-466D-8A4A-D690831189CA}.Debug|Any CPU.ActiveCfg = Debug|Any CPU
		{54EC911C-CFAD-466D-8A4A-D690831189CA}.Debug|Any CPU.Build.0 = Debug|Any CPU
		{54EC911C-CFAD-466D-8A4A-D690831189CA}.Release|Any CPU.ActiveCfg = Release|Any CPU
		{54EC911C-CFAD-466D-8A4A-D690831189CA}.Release|Any CPU.Build.0 = Release|Any CPU
		{21F300BC-BC26-4F63-A9CD-421F86B580D3}.Debug|Any CPU.ActiveCfg = Debug|Any CPU
		{21F300BC-BC26-4F63-A9CD-421F86B580D3}.Debug|Any CPU.Build.0 = Debug|Any CPU
		{21F300BC-BC26-4F63-A9CD-421F86B580D3}.Release|Any CPU.ActiveCfg = Release|Any CPU
		{21F300BC-BC26-4F63-A9CD-421F86B580D3}.Release|Any CPU.Build.0 = Release|Any CPU
		{D8FA68C0-E600-4DCC-9BCE-7CE1017F42BF}.Debug|Any CPU.ActiveCfg = Debug|Any CPU
		{D8FA68C0-E600-4DCC-9BCE-7CE1017F42BF}.Debug|Any CPU.Build.0 = Debug|Any CPU
		{D8FA68C0-E600-4DCC-9BCE-7CE1017F42BF}.Release|Any CPU.ActiveCfg = Release|Any CPU
		{D8FA68C0-E600-4DCC-9BCE-7CE1017F42BF}.Release|Any CPU.Build.0 = Release|Any CPU
		{5EF38C03-5F62-43FA-BE0C-5057A5B6AD53}.Debug|Any CPU.ActiveCfg = Debug|Any CPU
		{5EF38C03-5F62-43FA-BE0C-5057A5B6AD53}.Debug|Any CPU.Build.0 = Debug|Any CPU
		{5EF38C03-5F62-43FA-BE0C-5057A5B6AD53}.Release|Any CPU.ActiveCfg = Release|Any CPU
		{5EF38C03-5F62-43FA-BE0C-5057A5B6AD53}.Release|Any CPU.Build.0 = Release|Any CPU
		{16903C43-BBCB-4F1B-8369-974B94C6F0FC}.Debug|Any CPU.ActiveCfg = Debug|Any CPU
		{16903C43-BBCB-4F1B-8369-974B94C6F0FC}.Debug|Any CPU.Build.0 = Debug|Any CPU
		{16903C43-BBCB-4F1B-8369-974B94C6F0FC}.Release|Any CPU.ActiveCfg = Release|Any CPU
		{16903C43-BBCB-4F1B-8369-974B94C6F0FC}.Release|Any CPU.Build.0 = Release|Any CPU
		{6DF412E7-BE3D-456D-92C3-DC56FAA199B9}.Debug|Any CPU.ActiveCfg = Debug|Any CPU
		{6DF412E7-BE3D-456D-92C3-DC56FAA199B9}.Debug|Any CPU.Build.0 = Debug|Any CPU
		{6DF412E7-BE3D-456D-92C3-DC56FAA199B9}.Release|Any CPU.ActiveCfg = Release|Any CPU
		{6DF412E7-BE3D-456D-92C3-DC56FAA199B9}.Release|Any CPU.Build.0 = Release|Any CPU
		{F43CEA2E-F363-43DC-AB61-6AC6531B87BF}.Debug|Any CPU.ActiveCfg = Debug|Any CPU
		{F43CEA2E-F363-43DC-AB61-6AC6531B87BF}.Debug|Any CPU.Build.0 = Debug|Any CPU
		{F43CEA2E-F363-43DC-AB61-6AC6531B87BF}.Release|Any CPU.ActiveCfg = Release|Any CPU
		{F43CEA2E-F363-43DC-AB61-6AC6531B87BF}.Release|Any CPU.Build.0 = Release|Any CPU
		{9EC11469-D115-4CDF-A17A-3CE48D648FE7}.Debug|Any CPU.ActiveCfg = Debug|Any CPU
		{9EC11469-D115-4CDF-A17A-3CE48D648FE7}.Debug|Any CPU.Build.0 = Debug|Any CPU
		{9EC11469-D115-4CDF-A17A-3CE48D648FE7}.Release|Any CPU.ActiveCfg = Release|Any CPU
		{9EC11469-D115-4CDF-A17A-3CE48D648FE7}.Release|Any CPU.Build.0 = Release|Any CPU
		{641C4577-3B9E-467E-84FA-E6A5F183B436}.Debug|Any CPU.ActiveCfg = Debug|Any CPU
		{641C4577-3B9E-467E-84FA-E6A5F183B436}.Debug|Any CPU.Build.0 = Debug|Any CPU
		{641C4577-3B9E-467E-84FA-E6A5F183B436}.Release|Any CPU.ActiveCfg = Release|Any CPU
		{641C4577-3B9E-467E-84FA-E6A5F183B436}.Release|Any CPU.Build.0 = Release|Any CPU
		{08FD19B8-3A62-49EB-84BC-70A115363E94}.Debug|Any CPU.ActiveCfg = Debug|Any CPU
		{08FD19B8-3A62-49EB-84BC-70A115363E94}.Debug|Any CPU.Build.0 = Debug|Any CPU
		{08FD19B8-3A62-49EB-84BC-70A115363E94}.Release|Any CPU.ActiveCfg = Release|Any CPU
		{08FD19B8-3A62-49EB-84BC-70A115363E94}.Release|Any CPU.Build.0 = Release|Any CPU
		{76E552C7-0505-4657-85D4-8457B3AF8C78}.Debug|Any CPU.ActiveCfg = Debug|Any CPU
		{76E552C7-0505-4657-85D4-8457B3AF8C78}.Debug|Any CPU.Build.0 = Debug|Any CPU
		{76E552C7-0505-4657-85D4-8457B3AF8C78}.Release|Any CPU.ActiveCfg = Release|Any CPU
		{76E552C7-0505-4657-85D4-8457B3AF8C78}.Release|Any CPU.Build.0 = Release|Any CPU
	EndGlobalSection
	GlobalSection(NestedProjects) = preSolution
		{21F300BC-BC26-4F63-A9CD-421F86B580D3} = {624A06DA-D1C6-4829-A105-D4FA1930AA05}
		{BC8FE777-D7A5-4B21-8687-3907F1662A4F} = {DE551AB1-9603-4753-8EE6-7C03AE107C6C}
		{332B9612-EC62-41A9-AC90-85288FBB14D1} = {DE551AB1-9603-4753-8EE6-7C03AE107C6C}
		{5A8C121C-B18F-4B9D-84FD-FD8CD3AADADA} = {DE551AB1-9603-4753-8EE6-7C03AE107C6C}
		{929BF4C4-56F8-4014-ABA1-BFE6317E695B} = {DE551AB1-9603-4753-8EE6-7C03AE107C6C}
		{3F43AD2C-2FC5-4CC3-AF9D-2457AF59A180} = {DE551AB1-9603-4753-8EE6-7C03AE107C6C}
		{54EC911C-CFAD-466D-8A4A-D690831189CA} = {624A06DA-D1C6-4829-A105-D4FA1930AA05}
		{D8FA68C0-E600-4DCC-9BCE-7CE1017F42BF} = {BC8FE777-D7A5-4B21-8687-3907F1662A4F}
		{5EF38C03-5F62-43FA-BE0C-5057A5B6AD53} = {BC8FE777-D7A5-4B21-8687-3907F1662A4F}
		{16903C43-BBCB-4F1B-8369-974B94C6F0FC} = {BC8FE777-D7A5-4B21-8687-3907F1662A4F}
		{6DF412E7-BE3D-456D-92C3-DC56FAA199B9} = {5A8C121C-B18F-4B9D-84FD-FD8CD3AADADA}
		{F43CEA2E-F363-43DC-AB61-6AC6531B87BF} = {929BF4C4-56F8-4014-ABA1-BFE6317E695B}
		{9EC11469-D115-4CDF-A17A-3CE48D648FE7} = {3F43AD2C-2FC5-4CC3-AF9D-2457AF59A180}
		{641C4577-3B9E-467E-84FA-E6A5F183B436} = {332B9612-EC62-41A9-AC90-85288FBB14D1}
		{08FD19B8-3A62-49EB-84BC-70A115363E94} = {332B9612-EC62-41A9-AC90-85288FBB14D1}
		{76E552C7-0505-4657-85D4-8457B3AF8C78} = {332B9612-EC62-41A9-AC90-85288FBB14D1}
	EndGlobalSection
EndGlobal
